GEM
  remote: https://rubygems.org/
  specs:
    action_text-trix (2.1.18)
      railties
    actioncable (8.1.3)
      actionpack (= 8.1.3)
      activesupport (= 8.1.3)
      nio4r (~> 2.0)
      websocket-driver (>= 0.6.1)
      zeitwerk (~> 2.6)
    actionmailbox (8.1.3)
      actionpack (= 8.1.3)
      activejob (= 8.1.3)
      activerecord (= 8.1.3)
      activestorage (= 8.1.3)
      activesupport (= 8.1.3)
      mail (>= 2.8.0)
    actionmailer (8.1.3)
      actionpack (= 8.1.3)
      actionview (= 8.1.3)
      activejob (= 8.1.3)
      activesupport (= 8.1.3)
      mail (>= 2.8.0)
      rails-dom-testing (~> 2.2)
    actionpack (8.1.3)
      actionview (= 8.1.3)
      activesupport (= 8.1.3)
      nokogiri (>= 1.8.5)
      rack (>= 2.2.4)
      rack-session (>= 1.0.1)
      rack-test (>= 0.6.3)
      rails-dom-testing (~> 2.2)
      rails-html-sanitizer (~> 1.6)
      useragent (~> 0.16)
    actiontext (8.1.3)
      action_text-trix (~> 2.1.15)
      actionpack (= 8.1.3)
      activerecord (= 8.1.3)
      activestorage (= 8.1.3)
      activesupport (= 8.1.3)
      globalid (>= 0.6.0)
      nokogiri (>= 1.8.5)
    actionview (8.1.3)
      activesupport (= 8.1.3)
      builder (~> 3.1)
      erubi (~> 1.11)
      rails-dom-testing (~> 2.2)
      rails-html-sanitizer (~> 1.6)
    activejob (8.1.3)
      activesupport (= 8.1.3)
      globalid (>= 0.3.6)
    activemodel (8.1.3)
      activesupport (= 8.1.3)
    activerecord (8.1.3)
      activemodel (= 8.1.3)
      activesupport (= 8.1.3)
      timeout (>= 0.4.0)
    activestorage (8.1.3)
      actionpack (= 8.1.3)
      activejob (= 8.1.3)
      activerecord (= 8.1.3)
      activesupport (= 8.1.3)
      marcel (~> 1.0)
    activesupport (8.1.3)
      base64
      bigdecimal
      concurrent-ruby (~> 1.0, >= 1.3.1)
      connection_pool (>= 2.2.5)
      drb
      i18n (>= 1.6, < 2)
      json
      logger (>= 1.4.2)
      minitest (>= 5.1)
      securerandom (>= 0.3)
      tzinfo (~> 2.0, >= 2.0.5)
      uri (>= 0.13.1)
    addressable (2.8.9)
      public_suffix (>= 2.0.2, < 8.0)
    annotate (2.6.5)
      activerecord (>= 2.3.0)
      rake (>= 0.8.7)
    base64 (0.3.0)
    bcrypt (3.1.22)
    bigdecimal (4.1.0)
    bindex (0.8.1)
    bootsnap (1.23.0)
      msgpack (~> 1.2)
    builder (3.3.0)
    bullet (8.1.0)
      activesupport (>= 3.0.0)
      uniform_notifier (~> 1.11)
    bundler-audit (0.9.3)
      bundler (>= 1.2.0)
      thor (~> 1.0)
    byebug (13.0.0)
      reline (>= 0.6.0)
    capybara (3.40.0)
      addressable
      matrix
      mini_mime (>= 0.1.3)
      nokogiri (~> 1.11)
      rack (>= 1.6.0)
      rack-test (>= 0.6.3)
      regexp_parser (>= 1.5, < 3.0)
      xpath (~> 3.2)
    childprocess (5.1.0)
      logger (~> 1.5)
    coderay (1.1.3)
    concurrent-ruby (1.3.6)
    connection_pool (3.0.2)
    crack (1.0.1)
      bigdecimal
      rexml
    crass (1.0.6)
    dartsass-rails (0.5.1)
      railties (>= 6.0.0)
      sass-embedded (~> 1.63)
    database_cleaner-active_record (2.2.2)
      activerecord (>= 5.a)
      database_cleaner-core (~> 2.0)
    database_cleaner-core (2.0.1)
    datagrid (2.0.9)
      railties (>= 7.0)
    date (3.5.1)
    debug (1.11.1)
      irb (~> 1.10)
      reline (>= 0.3.8)
    devise (5.0.3)
      bcrypt (~> 3.0)
      orm_adapter (~> 0.1)
      railties (>= 7.0)
      responders
      warden (~> 1.2.3)
    diff-lcs (1.6.2)
    dotenv (3.2.0)
    dotenv-rails (3.2.0)
      dotenv (= 3.2.0)
      railties (>= 6.1)
    drb (2.2.3)
    easypost (7.6.0)
      base64 (~> 0.3)
    erb (6.0.2)
    erubi (1.13.1)
    factory_bot (6.5.6)
      activesupport (>= 6.1.0)
    factory_bot_rails (6.5.1)
      factory_bot (~> 6.5)
      railties (>= 6.1.0)
    faker (3.6.1)
      i18n (>= 1.8.11, < 2)
    faraday (2.14.1)
      faraday-net_http (>= 2.0, < 3.5)
      json
      logger
    faraday-net_http (3.4.2)
      net-http (~> 0.5)
    flipper (1.4.1)
      concurrent-ruby (< 2)
    flipper-active_record (1.4.1)
      activerecord (>= 4.2, < 9)
      flipper (~> 1.4.1)
    flipper-ui (1.4.1)
      erubi (>= 1.0.0, < 2.0.0)
      flipper (~> 1.4.1)
      rack (>= 1.4, < 4)
      rack-protection (>= 1.5.3, < 5.0.0)
      rack-session (>= 1.0.2, < 3.0.0)
      sanitize (< 8)
    globalid (1.3.0)
      activesupport (>= 6.1)
    google-protobuf (4.34.1)
      bigdecimal
      rake (~> 13.3)
    google-protobuf (4.34.1-aarch64-linux-gnu)
      bigdecimal
      rake (~> 13.3)
    google-protobuf (4.34.1-aarch64-linux-musl)
      bigdecimal
      rake (~> 13.3)
    google-protobuf (4.34.1-arm64-darwin)
      bigdecimal
      rake (~> 13.3)
    google-protobuf (4.34.1-x86_64-darwin)
      bigdecimal
      rake (~> 13.3)
    google-protobuf (4.34.1-x86_64-linux-gnu)
      bigdecimal
      rake (~> 13.3)
    google-protobuf (4.34.1-x86_64-linux-musl)
      bigdecimal
      rake (~> 13.3)
    hashdiff (1.2.1)
    hashie (5.1.0)
      logger
    i18n (1.14.8)
      concurrent-ruby (~> 1.0)
    importmap-rails (2.2.3)
      actionpack (>= 6.0.0)
      activesupport (>= 6.0.0)
      railties (>= 6.0.0)
    io-console (0.8.2)
    irb (1.17.0)
      pp (>= 0.6.0)
      prism (>= 1.3.0)
      rdoc (>= 4.0.0)
      reline (>= 0.4.2)
    jbuilder (2.14.1)
      actionview (>= 7.0.0)
      activesupport (>= 7.0.0)
    json (2.19.3)
    jwt (3.1.2)
      base64
    launchy (3.1.1)
      addressable (~> 2.8)
      childprocess (~> 5.0)
      logger (~> 1.6)
    letter_opener (1.10.0)
      launchy (>= 2.2, < 4)
    logger (1.7.0)
    loofah (2.25.1)
      crass (~> 1.0.2)
      nokogiri (>= 1.12.0)
    mail (2.9.0)
      logger
      mini_mime (>= 0.1.1)
      net-imap
      net-pop
      net-smtp
    marcel (1.1.0)
    matrix (0.4.3)
    method_source (1.1.0)
    mini_mime (1.1.5)
    minitest (6.0.2)
      drb (~> 2.0)
      prism (~> 1.5)
    msgpack (1.8.0)
    multi_xml (0.8.1)
      bigdecimal (>= 3.1, < 5)
    net-http (0.9.1)
      uri (>= 0.11.1)
    net-imap (0.6.3)
      date
      net-protocol
    net-pop (0.1.2)
      net-protocol
    net-protocol (0.2.2)
      timeout
    net-smtp (0.5.1)
      net-protocol
    nio4r (2.7.5)
    nokogiri (1.19.2-aarch64-linux-gnu)
      racc (~> 1.4)
    nokogiri (1.19.2-aarch64-linux-musl)
      racc (~> 1.4)
    nokogiri (1.19.2-arm-linux-gnu)
      racc (~> 1.4)
    nokogiri (1.19.2-arm-linux-musl)
      racc (~> 1.4)
    nokogiri (1.19.2-arm64-darwin)
      racc (~> 1.4)
    nokogiri (1.19.2-x86_64-darwin)
      racc (~> 1.4)
    nokogiri (1.19.2-x86_64-linux-gnu)
      racc (~> 1.4)
    nokogiri (1.19.2-x86_64-linux-musl)
      racc (~> 1.4)
    oauth2 (2.0.18)
      faraday (>= 0.17.3, < 4.0)
      jwt (>= 1.0, < 4.0)
      logger (~> 1.2)
      multi_xml (~> 0.5)
      rack (>= 1.2, < 4)
      snaky_hash (~> 2.0, >= 2.0.3)
      version_gem (~> 1.1, >= 1.1.9)
    omniauth (2.1.4)
      hashie (>= 3.4.6)
      logger
      rack (>= 2.2.3)
      rack-protection
    omniauth-google-oauth2 (1.2.2)
      jwt (>= 2.9.2)
      oauth2 (~> 2.0)
      omniauth (~> 2.0)
      omniauth-oauth2 (~> 1.8)
    omniauth-oauth2 (1.9.0)
      oauth2 (>= 2.0.2, < 3)
      omniauth (~> 2.0)
    omniauth-rails_csrf_protection (2.0.1)
      actionpack (>= 4.2)
      omniauth (~> 2.0)
    orm_adapter (0.5.0)
    pagy (43.4.4)
      json
      uri
      yaml
    pg (1.6.3)
    pg (1.6.3-aarch64-linux)
    pg (1.6.3-aarch64-linux-musl)
    pg (1.6.3-arm64-darwin)
    pg (1.6.3-x86_64-darwin)
    pg (1.6.3-x86_64-linux)
    pg (1.6.3-x86_64-linux-musl)
    pp (0.6.3)
      prettyprint
    prettyprint (0.2.0)
    prism (1.9.0)
    propshaft (1.3.1)
      actionpack (>= 7.0.0)
      activesupport (>= 7.0.0)
      rack
    pry (0.16.0)
      coderay (~> 1.1)
      method_source (~> 1.0)
      reline (>= 0.6.0)
    pry-byebug (3.12.0)
      byebug (~> 13.0)
      pry (>= 0.13, < 0.17)
    psych (5.3.1)
      date
      stringio
    public_suffix (7.0.5)
    puma (7.2.0)
      nio4r (~> 2.0)
    racc (1.8.1)
    rack (3.2.5)
    rack-mini-profiler (4.0.1)
      rack (>= 1.2.0)
    rack-protection (4.2.1)
      base64 (>= 0.1.0)
      logger (>= 1.6.0)
      rack (>= 3.0.0, < 4)
    rack-session (2.1.1)
      base64 (>= 0.1.0)
      rack (>= 3.0.0)
    rack-test (2.2.0)
      rack (>= 1.3)
    rackup (2.3.1)
      rack (>= 3)
    rails (8.1.3)
      actioncable (= 8.1.3)
      actionmailbox (= 8.1.3)
      actionmailer (= 8.1.3)
      actionpack (= 8.1.3)
      actiontext (= 8.1.3)
      actionview (= 8.1.3)
      activejob (= 8.1.3)
      activemodel (= 8.1.3)
      activerecord (= 8.1.3)
      activestorage (= 8.1.3)
      activesupport (= 8.1.3)
      bundler (>= 1.15.0)
      railties (= 8.1.3)
    rails-dom-testing (2.3.0)
      activesupport (>= 5.0.0)
      minitest
      nokogiri (>= 1.6)
    rails-html-sanitizer (1.7.0)
      loofah (~> 2.25)
      nokogiri (>= 1.15.7, != 1.16.7, != 1.16.6, != 1.16.5, != 1.16.4, != 1.16.3, != 1.16.2, != 1.16.1, != 1.16.0.rc1, != 1.16.0)
    railties (8.1.3)
      actionpack (= 8.1.3)
      activesupport (= 8.1.3)
      irb (~> 1.13)
      rackup (>= 1.0.0)
      rake (>= 12.2)
      thor (~> 1.0, >= 1.2.2)
      tsort (>= 0.2)
      zeitwerk (~> 2.6)
    rake (13.3.1)
    rdoc (7.2.0)
      erb
      psych (>= 4.0.0)
      tsort
    regexp_parser (2.11.3)
    reline (0.6.3)
      io-console (~> 0.5)
    responders (3.2.0)
      actionpack (>= 7.0)
      railties (>= 7.0)
    rexml (3.4.4)
    rspec-core (3.13.6)
      rspec-support (~> 3.13.0)
    rspec-expectations (3.13.5)
      diff-lcs (>= 1.2.0, < 2.0)
      rspec-support (~> 3.13.0)
    rspec-mocks (3.13.8)
      diff-lcs (>= 1.2.0, < 2.0)
      rspec-support (~> 3.13.0)
    rspec-rails (8.0.4)
      actionpack (>= 7.2)
      activesupport (>= 7.2)
      railties (>= 7.2)
      rspec-core (>= 3.13.0, < 5.0.0)
      rspec-expectations (>= 3.13.0, < 5.0.0)
      rspec-mocks (>= 3.13.0, < 5.0.0)
      rspec-support (>= 3.13.0, < 5.0.0)
    rspec-support (3.13.7)
    rubyzip (3.2.2)
    sanitize (7.0.0)
      crass (~> 1.0.2)
      nokogiri (>= 1.16.8)
    sass-embedded (1.98.0-aarch64-linux-gnu)
      google-protobuf (~> 4.31)
    sass-embedded (1.98.0-aarch64-linux-musl)
      google-protobuf (~> 4.31)
    sass-embedded (1.98.0-arm-linux-gnueabihf)
      google-protobuf (~> 4.31)
    sass-embedded (1.98.0-arm-linux-musleabihf)
      google-protobuf (~> 4.31)
    sass-embedded (1.98.0-arm64-darwin)
      google-protobuf (~> 4.31)
    sass-embedded (1.98.0-x86_64-darwin)
      google-protobuf (~> 4.31)
    sass-embedded (1.98.0-x86_64-linux-gnu)
      google-protobuf (~> 4.31)
    sass-embedded (1.98.0-x86_64-linux-musl)
      google-protobuf (~> 4.31)
    securerandom (0.4.1)
    selenium-webdriver (4.41.0)
      base64 (~> 0.2)
      logger (~> 1.4)
      rexml (~> 3.2, >= 3.2.5)
      rubyzip (>= 1.2.2, < 4.0)
      websocket (~> 1.0)
    shoulda-matchers (7.0.1)
      activesupport (>= 7.1)
    snaky_hash (2.0.3)
      hashie (>= 0.1.0, < 6)
      version_gem (>= 1.1.8, < 3)
    stimulus-rails (1.3.4)
      railties (>= 6.0.0)
    stringio (3.2.0)
    stripe (19.0.0)
      bigdecimal
      logger
    tailwindcss-rails (4.4.0)
      railties (>= 7.0.0)
      tailwindcss-ruby (~> 4.0)
    tailwindcss-ruby (4.2.1)
    tailwindcss-ruby (4.2.1-aarch64-linux-gnu)
    tailwindcss-ruby (4.2.1-aarch64-linux-musl)
    tailwindcss-ruby (4.2.1-arm64-darwin)
    tailwindcss-ruby (4.2.1-x86_64-darwin)
    tailwindcss-ruby (4.2.1-x86_64-linux-gnu)
    tailwindcss-ruby (4.2.1-x86_64-linux-musl)
    thor (1.5.0)
    thruster (0.1.20)
    thruster (0.1.20-aarch64-linux)
    thruster (0.1.20-arm64-darwin)
    thruster (0.1.20-x86_64-darwin)
    thruster (0.1.20-x86_64-linux)
    timeout (0.6.1)
    tsort (0.2.0)
    turbo-rails (2.0.23)
      actionpack (>= 7.1.0)
      railties (>= 7.1.0)
    tzinfo (2.0.6)
      concurrent-ruby (~> 1.0)
    uniform_notifier (1.18.0)
    uri (1.1.1)
    useragent (0.16.11)
    vcr (6.4.0)
    version_gem (1.1.9)
    warden (1.2.9)
      rack (>= 2.0.9)
    web-console (4.3.0)
      actionview (>= 8.0.0)
      bindex (>= 0.4.0)
      railties (>= 8.0.0)
    webmock (3.26.2)
      addressable (>= 2.8.0)
      crack (>= 0.3.2)
      hashdiff (>= 0.4.0, < 2.0.0)
    websocket (1.2.11)
    websocket-driver (0.8.0)
      base64
      websocket-extensions (>= 0.1.0)
    websocket-extensions (0.1.5)
    xpath (3.2.0)
      nokogiri (~> 1.8)
    yaml (0.4.0)
    zeitwerk (2.7.5)

PLATFORMS
  aarch64-linux
  aarch64-linux-gnu
  aarch64-linux-musl
  arm-linux-gnu
  arm-linux-gnueabihf
  arm-linux-musl
  arm-linux-musleabihf
  arm64-darwin
  x86_64-darwin
  x86_64-linux
  x86_64-linux-gnu
  x86_64-linux-musl

DEPENDENCIES
  annotate
  bootsnap
  bullet
  bundler-audit
  capybara
  dartsass-rails
  database_cleaner-active_record
  datagrid
  debug
  devise
  dotenv-rails
  easypost
  factory_bot_rails
  faker
  flipper
  flipper-active_record
  flipper-ui
  importmap-rails
  jbuilder
  letter_opener
  omniauth
  omniauth-google-oauth2
  omniauth-rails_csrf_protection
  pagy
  pg (~> 1.1)
  propshaft
  pry-byebug
  puma (>= 5.0)
  rack-mini-profiler
  rails (~> 8.1.3)
  rspec-rails
  selenium-webdriver
  shoulda-matchers
  stimulus-rails
  stripe
  tailwindcss-rails
  thruster
  turbo-rails
  tzinfo-data
  vcr
  web-console
  webmock

CHECKSUMS
  action_text-trix (2.1.18) sha256=3fdb83f8bff4145d098be283cdd47ac41caf5110bfa6df4695ed7127d7fb3642
  actioncable (8.1.3) sha256=e5bc7f75e44e6a22de29c4f43176927c3a9ce4824464b74ed18d8226e75a80f0
  actionmailbox (8.1.3) sha256=df7da474eaa0e70df4ed5a6fef66eb3b3b0f2dbf7f14518deee8d77f1b4aae59
  actionmailer (8.1.3) sha256=831f724891bb70d0aaa4d76581a6321124b6a752cb655c9346aae5479318448d
  actionpack (8.1.3) sha256=af998cae4d47c5d581a2cc363b5c77eb718b7c4b45748d81b1887b25621c29a3
  actiontext (8.1.3) sha256=d291019c00e1ea9e6463011fa214f6081a56d7b9a1d224e7d3f6384c1dafc7d2
  actionview (8.1.3) sha256=1347c88c7f3edb38100c5ce0e9fb5e62d7755f3edc1b61cce2eb0b2c6ea2fd5d
  activejob (8.1.3) sha256=a149b1766aa8204c3c3da7309e4becd40fcd5529c348cffbf6c9b16b565fe8d3
  activemodel (8.1.3) sha256=90c05cbe4cef3649b8f79f13016191ea94c4525ce4a5c0fb7ef909c4b91c8219
  activerecord (8.1.3) sha256=8003be7b2466ba0a2a670e603eeb0a61dd66058fccecfc49901e775260ac70ab
  activestorage (8.1.3) sha256=0564ce9309143951a67615e1bb4e090ee54b8befed417133cae614479b46384d
  activesupport (8.1.3) sha256=21a5e0dfbd4c3ddd9e1317ec6a4d782fa226e7867dc70b0743acda81a1dca20e
  addressable (2.8.9) sha256=cc154fcbe689711808a43601dee7b980238ce54368d23e127421753e46895485
  annotate (2.6.5) sha256=14dc2adae397080ee14bf6e3fd6f1d8de81aa1d28c4ca670e734d11bf6b97d26
  base64 (0.3.0) sha256=27337aeabad6ffae05c265c450490628ef3ebd4b67be58257393227588f5a97b
  bcrypt (3.1.22) sha256=1f0072e88c2d705d94aff7f2c5cb02eb3f1ec4b8368671e19112527489f29032
  bigdecimal (4.1.0) sha256=6dc07767aa3dc456ccd48e7ae70a07b474e9afd7c5bc576f80bd6da5c8dd6cae
  bindex (0.8.1) sha256=7b1ecc9dc539ed8bccfc8cb4d2732046227b09d6f37582ff12e50a5047ceb17e
  bootsnap (1.23.0) sha256=c1254f458d58558b58be0f8eb8f6eec2821456785b7cdd1e16248e2020d3f214
  builder (3.3.0) sha256=497918d2f9dca528fdca4b88d84e4ef4387256d984b8154e9d5d3fe5a9c8835f
  bullet (8.1.0) sha256=604b7e2636ec2137dcab3ba61a56248c39a0004a0c9405d58bad0686d23b98ff
  bundler-audit (0.9.3) sha256=81c8766c71e47d0d28a0f98c7eed028539f21a6ea3cd8f685eb6f42333c9b4e9
  byebug (13.0.0) sha256=d2263efe751941ca520fa29744b71972d39cbc41839496706f5d9b22e92ae05d
  capybara (3.40.0) sha256=42dba720578ea1ca65fd7a41d163dd368502c191804558f6e0f71b391054aeef
  childprocess (5.1.0) sha256=9a8d484be2fd4096a0e90a0cd3e449a05bc3aa33f8ac9e4d6dcef6ac1455b6ec
  coderay (1.1.3) sha256=dc530018a4684512f8f38143cd2a096c9f02a1fc2459edcfe534787a7fc77d4b
  concurrent-ruby (1.3.6) sha256=6b56837e1e7e5292f9864f34b69c5a2cbc75c0cf5338f1ce9903d10fa762d5ab
  connection_pool (3.0.2) sha256=33fff5ba71a12d2aa26cb72b1db8bba2a1a01823559fb01d29eb74c286e62e0a
  crack (1.0.1) sha256=ff4a10390cd31d66440b7524eb1841874db86201d5b70032028553130b6d4c7e
  crass (1.0.6) sha256=dc516022a56e7b3b156099abc81b6d2b08ea1ed12676ac7a5657617f012bd45d
  dartsass-rails (0.5.1) sha256=f19510fb1b29c76c1739a06954d615f1d20ad653b6fc668dd7c68542bb303a1a
  database_cleaner-active_record (2.2.2) sha256=88296b9f3088c31f7c0d4fcec10f68e4b71c96698043916de59b04debec10388
  database_cleaner-core (2.0.1) sha256=8646574c32162e59ed7b5258a97a208d3c44551b854e510994f24683865d846c
  datagrid (2.0.9) sha256=d76a8ef59bbb1288607cc0dfd62981c6f5cf9217ec6bf647ae7f10201c1b2a85
  date (3.5.1) sha256=750d06384d7b9c15d562c76291407d89e368dda4d4fff957eb94962d325a0dc0
  debug (1.11.1) sha256=2e0b0ac6119f2207a6f8ac7d4a73ca8eb4e440f64da0a3136c30343146e952b6
  devise (5.0.3) sha256=c4c065051cdc4ace11547b2b7f5c3c4c97d0f1269250f5fe90f614ff78f29546
  diff-lcs (1.6.2) sha256=9ae0d2cba7d4df3075fe8cd8602a8604993efc0dfa934cff568969efb1909962
  dotenv (3.2.0) sha256=e375b83121ea7ca4ce20f214740076129ab8514cd81378161f11c03853fe619d
  dotenv-rails (3.2.0) sha256=657e25554ba622ffc95d8c4f1670286510f47f2edda9f68293c3f661b303beab
  drb (2.2.3) sha256=0b00d6fdb50995fe4a45dea13663493c841112e4068656854646f418fda13373
  easypost (7.6.0) sha256=262427ceea6ca9f98a4bd64a1803e7fdd4c7d915b16cacdc27eb4a5483185372
  erb (6.0.2) sha256=9fe6264d44f79422c87490a1558479bd0e7dad4dd0e317656e67ea3077b5242b
  erubi (1.13.1) sha256=a082103b0885dbc5ecf1172fede897f9ebdb745a4b97a5e8dc63953db1ee4ad9
  factory_bot (6.5.6) sha256=12beb373214dccc086a7a63763d6718c49769d5606f0501e0a4442676917e077
  factory_bot_rails (6.5.1) sha256=d3cc4851eae4dea8a665ec4a4516895045e710554d2b5ac9e68b94d351bc6d68
  faker (3.6.1) sha256=c513d23c1d26b426283e913b25e0b714576011d7c1ad368a9ac6ea2113a1ccde
  faraday (2.14.1) sha256=a43cceedc1e39d188f4d2cdd360a8aaa6a11da0c407052e426ba8d3fb42ef61c
  faraday-net_http (3.4.2) sha256=f147758260d3526939bf57ecf911682f94926a3666502e24c69992765875906c
  flipper (1.4.1) sha256=05843240fb3093c7037549e34b046b636c765120f22e0a6268212daf44166e4d
  flipper-active_record (1.4.1) sha256=5197481ad0976a12c481b1778927d873738640f4023300bdb0d71b6e21245a37
  flipper-ui (1.4.1) sha256=b78e5237d52fdd82fbbcb6bfb04a1d2cab6d5861b1e4d1c3b0746ac3de7e0a99
  globalid (1.3.0) sha256=05c639ad6eb4594522a0b07983022f04aa7254626ab69445a0e493aa3786ff11
  google-protobuf (4.34.1) sha256=347181542b8d659c60f028fa3791c9cccce651a91ad27782dbc5c5e374796cdc
  google-protobuf (4.34.1-aarch64-linux-gnu) sha256=f9c07607dc139c895f2792a7740fcd01cd94d4d7b0e0a939045b50d7999f0b1d
  google-protobuf (4.34.1-aarch64-linux-musl) sha256=db58e5a4a492b43c6614486aea31b7fb86955b175d1d48f28ebf388f058d78a9
  google-protobuf (4.34.1-arm64-darwin) sha256=2745061f973119e6e7f3c81a0c77025d291a3caa6585a2cd24a25bbc7bedb267
  google-protobuf (4.34.1-x86_64-darwin) sha256=4dc498376e218871613589c4d872400d42ad9ae0c700bdb2606fe1c77a593075
  google-protobuf (4.34.1-x86_64-linux-gnu) sha256=87088c9fd8e47b5b40ca498fc1195add6149e941ff7e81c532a5b0b8876d4cc9
  google-protobuf (4.34.1-x86_64-linux-musl) sha256=8c0e91436fbe504ffc64f0bd621f2e69adbcce8ed2c58439d7a21117069cfdd7
  hashdiff (1.2.1) sha256=9c079dbc513dfc8833ab59c0c2d8f230fa28499cc5efb4b8dd276cf931457cd1
  hashie (5.1.0) sha256=c266471896f323c446ea8207f8ffac985d2718df0a0ba98651a3057096ca3870
  i18n (1.14.8) sha256=285778639134865c5e0f6269e0b818256017e8cde89993fdfcbfb64d088824a5
  importmap-rails (2.2.3) sha256=7101be2a4dc97cf1558fb8f573a718404c5f6bcfe94f304bf1f39e444feeb16a
  io-console (0.8.2) sha256=d6e3ae7a7cc7574f4b8893b4fca2162e57a825b223a177b7afa236c5ef9814cc
  irb (1.17.0) sha256=168c4ddb93d8a361a045c41d92b2952c7a118fa73f23fe14e55609eb7a863aae
  jbuilder (2.14.1) sha256=4eb26376ff60ef100cb4fd6fd7533cd271f9998327e86adf20fd8c0e69fabb42
  json (2.19.3) sha256=289b0bb53052a1fa8c34ab33cc750b659ba14a5c45f3fcf4b18762dc67c78646
  jwt (3.1.2) sha256=af6991f19a6bb4060d618d9add7a66f0eeb005ac0bc017cd01f63b42e122d535
  launchy (3.1.1) sha256=72b847b5cc961589dde2c395af0108c86ff0119f42d4648d25b5440ebb10059e
  letter_opener (1.10.0) sha256=2ff33f2e3b5c3c26d1959be54b395c086ca6d44826e8bf41a14ff96fdf1bdbb2
  logger (1.7.0) sha256=196edec7cc44b66cfb40f9755ce11b392f21f7967696af15d274dde7edff0203
  loofah (2.25.1) sha256=d436c73dbd0c1147b16c4a41db097942d217303e1f7728704b37e4df9f6d2e04
  mail (2.9.0) sha256=6fa6673ecd71c60c2d996260f9ee3dd387d4673b8169b502134659ece6d34941
  marcel (1.1.0) sha256=fdcfcfa33cc52e93c4308d40e4090a5d4ea279e160a7f6af988260fa970e0bee
  matrix (0.4.3) sha256=a0d5ab7ddcc1973ff690ab361b67f359acbb16958d1dc072b8b956a286564c5b
  method_source (1.1.0) sha256=181301c9c45b731b4769bc81e8860e72f9161ad7d66dd99103c9ab84f560f5c5
  mini_mime (1.1.5) sha256=8681b7e2e4215f2a159f9400b5816d85e9d8c6c6b491e96a12797e798f8bccef
  minitest (6.0.2) sha256=db6e57956f6ecc6134683b4c87467d6dd792323c7f0eea7b93f66bd284adbc3d
  msgpack (1.8.0) sha256=e64ce0212000d016809f5048b48eb3a65ffb169db22238fb4b72472fecb2d732
  multi_xml (0.8.1) sha256=addba0290bac34e9088bfe73dc4878530297a82a7bbd66cb44dcd0a4b86edf5a
  net-http (0.9.1) sha256=25ba0b67c63e89df626ed8fac771d0ad24ad151a858af2cc8e6a716ca4336996
  net-imap (0.6.3) sha256=9bab75f876596d09ee7bf911a291da478e0cd6badc54dfb82874855ccc82f2ad
  net-pop (0.1.2) sha256=848b4e982013c15b2f0382792268763b748cce91c9e91e36b0f27ed26420dff3
  net-protocol (0.2.2) sha256=aa73e0cba6a125369de9837b8d8ef82a61849360eba0521900e2c3713aa162a8
  net-smtp (0.5.1) sha256=ed96a0af63c524fceb4b29b0d352195c30d82dd916a42f03c62a3a70e5b70736
  nio4r (2.7.5) sha256=6c90168e48fb5f8e768419c93abb94ba2b892a1d0602cb06eef16d8b7df1dca1
  nokogiri (1.19.2-aarch64-linux-gnu) sha256=c34d5c8208025587554608e98fd88ab125b29c80f9352b821964e9a5d5cfbd19
  nokogiri (1.19.2-aarch64-linux-musl) sha256=7f6b4b0202d507326841a4f790294bf75098aef50c7173443812e3ac5cb06515
  nokogiri (1.19.2-arm-linux-gnu) sha256=b7fa1139016f3dc850bda1260988f0d749934a939d04ef2da13bec060d7d5081
  nokogiri (1.19.2-arm-linux-musl) sha256=61114d44f6742ff72194a1b3020967201e2eb982814778d130f6471c11f9828c
  nokogiri (1.19.2-arm64-darwin) sha256=58d8ea2e31a967b843b70487a44c14c8ba1866daa1b9da9be9dbdf1b43dee205
  nokogiri (1.19.2-x86_64-darwin) sha256=7d9af11fda72dfaa2961d8c4d5380ca0b51bc389dc5f8d4b859b9644f195e7a4
  nokogiri (1.19.2-x86_64-linux-gnu) sha256=fa8feca882b73e871a9845f3817a72e9734c8e974bdc4fbad6e4bc6e8076b94f
  nokogiri (1.19.2-x86_64-linux-musl) sha256=93128448e61a9383a30baef041bf1f5817e22f297a1d400521e90294445069a8
  oauth2 (2.0.18) sha256=bacf11e470dfb963f17348666d0a75c7b29ca65bc48fd47be9057cf91a403287
  omniauth (2.1.4) sha256=42a05b0496f0d22e1dd85d42aaf602f064e36bb47a6826a27ab55e5ba608763c
  omniauth-google-oauth2 (1.2.2) sha256=74c3f3d0221c048f938846092fb15a1f15237526f50a7c93d9793f9a4ff1be11
  omniauth-oauth2 (1.9.0) sha256=ed15f6d9d20991807ce114cc5b9c1453bce3645b64e51c68c90cff5ff153fee8
  omniauth-rails_csrf_protection (2.0.1) sha256=c6e3204d7e3925bb537cb52d50fdfc9f05293f1a9d87c5d4ab4ca3a39ba8c32d
  orm_adapter (0.5.0) sha256=aa5d0be5d540cbb46d3a93e88061f4ece6a25f6e97d6a47122beb84fe595e9b9
  pagy (43.4.4) sha256=b41a57328a0aabfd222266a89e9de3dc3a735c17bd57f8113829c95fece5bef6
  pg (1.6.3) sha256=1388d0563e13d2758c1089e35e973a3249e955c659592d10e5b77c468f628a99
  pg (1.6.3-aarch64-linux) sha256=0698ad563e02383c27510b76bf7d4cd2de19cd1d16a5013f375dd473e4be72ea
  pg (1.6.3-aarch64-linux-musl) sha256=06a75f4ea04b05140146f2a10550b8e0d9f006a79cdaf8b5b130cde40e3ecc2c
  pg (1.6.3-arm64-darwin) sha256=7240330b572e6355d7c75a7de535edb5dfcbd6295d9c7777df4d9dddfb8c0e5f
  pg (1.6.3-x86_64-darwin) sha256=ee2e04a17c0627225054ffeb43e31a95be9d7e93abda2737ea3ce4a62f2729d6
  pg (1.6.3-x86_64-linux) sha256=5d9e188c8f7a0295d162b7b88a768d8452a899977d44f3274d1946d67920ae8d
  pg (1.6.3-x86_64-linux-musl) sha256=9c9c90d98c72f78eb04c0f55e9618fe55d1512128e411035fe229ff427864009
  pp (0.6.3) sha256=2951d514450b93ccfeb1df7d021cae0da16e0a7f95ee1e2273719669d0ab9df6
  prettyprint (0.2.0) sha256=2bc9e15581a94742064a3cc8b0fb9d45aae3d03a1baa6ef80922627a0766f193
  prism (1.9.0) sha256=7b530c6a9f92c24300014919c9dcbc055bf4cdf51ec30aed099b06cd6674ef85
  propshaft (1.3.1) sha256=9acc664ef67e819ffa3d95bd7ad4c3623ea799110c5f4dee67fa7e583e74c392
  pry (0.16.0) sha256=d76c69065698ed1f85e717bd33d7942c38a50868f6b0673c636192b3d1b6054e
  pry-byebug (3.12.0) sha256=594e094ae8a8390a7ad4c7b36ae36e13304ed02664c67417d108dc5f7213d1b7
  psych (5.3.1) sha256=eb7a57cef10c9d70173ff74e739d843ac3b2c019a003de48447b2963d81b1974
  public_suffix (7.0.5) sha256=1a8bb08f1bbea19228d3bed6e5ed908d1cb4f7c2726d18bd9cadf60bc676f623
  puma (7.2.0) sha256=bf8ef4ab514a4e6d4554cb4326b2004eba5036ae05cf765cfe51aba9706a72a8
  racc (1.8.1) sha256=4a7f6929691dbec8b5209a0b373bc2614882b55fc5d2e447a21aaa691303d62f
  rack (3.2.5) sha256=4cbd0974c0b79f7a139b4812004a62e4c60b145cba76422e288ee670601ed6d3
  rack-mini-profiler (4.0.1) sha256=485810c23211f908196c896ea10cad72ed68780ee2998bec1f1dfd7558263d78
  rack-protection (4.2.1) sha256=cf6e2842df8c55f5e4d1a4be015e603e19e9bc3a7178bae58949ccbb58558bac
  rack-session (2.1.1) sha256=0b6dc07dea7e4b583f58a48e8b806d4c9f1c6c9214ebc202ec94562cbea2e4e9
  rack-test (2.2.0) sha256=005a36692c306ac0b4a9350355ee080fd09ddef1148a5f8b2ac636c720f5c463
  rackup (2.3.1) sha256=6c79c26753778e90983761d677a48937ee3192b3ffef6bc963c0950f94688868
  rails (8.1.3) sha256=6d017ba5348c98fc909753a8169b21d44de14d2a0b92d140d1a966834c3c9cd3
  rails-dom-testing (2.3.0) sha256=8acc7953a7b911ca44588bf08737bc16719f431a1cc3091a292bca7317925c1d
  rails-html-sanitizer (1.7.0) sha256=28b145cceaf9cc214a9874feaa183c3acba036c9592b19886e0e45efc62b1e89
  railties (8.1.3) sha256=913eb0e0cb520aac687ffd74916bd726d48fa21f47833c6292576ef6a286de22
  rake (13.3.1) sha256=8c9e89d09f66a26a01264e7e3480ec0607f0c497a861ef16063604b1b08eb19c
  rdoc (7.2.0) sha256=8650f76cd4009c3b54955eb5d7e3a075c60a57276766ebf36f9085e8c9f23192
  regexp_parser (2.11.3) sha256=ca13f381a173b7a93450e53459075c9b76a10433caadcb2f1180f2c741fc55a4
  reline (0.6.3) sha256=1198b04973565b36ec0f11542ab3f5cfeeec34823f4e54cebde90968092b1835
  responders (3.2.0) sha256=89c2d6ac0ae16f6458a11524cae4a8efdceba1a3baea164d28ee9046bd3df55a
  rexml (3.4.4) sha256=19e0a2c3425dfbf2d4fc1189747bdb2f849b6c5e74180401b15734bc97b5d142
  rspec-core (3.13.6) sha256=a8823c6411667b60a8bca135364351dda34cd55e44ff94c4be4633b37d828b2d
  rspec-expectations (3.13.5) sha256=33a4d3a1d95060aea4c94e9f237030a8f9eae5615e9bd85718fe3a09e4b58836
  rspec-mocks (3.13.8) sha256=086ad3d3d17533f4237643de0b5c42f04b66348c28bf6b9c2d3f4a3b01af1d47
  rspec-rails (8.0.4) sha256=06235692fc0892683d3d34977e081db867434b3a24ae0dd0c6f3516bad4e22df
  rspec-support (3.13.7) sha256=0640e5570872aafefd79867901deeeeb40b0c9875a36b983d85f54fb7381c47c
  rubyzip (3.2.2) sha256=c0ed99385f0625415c8f05bcae33fe649ed2952894a95ff8b08f26ca57ea5b3c
  sanitize (7.0.0) sha256=269d1b9d7326e69307723af5643ec032ff86ad616e72a3b36d301ac75a273984
  sass-embedded (1.98.0-aarch64-linux-gnu) sha256=019baa4ee850f9d6f3f53125fd4ee56b13ea5191bc8f8f9436825ec3e171b02d
  sass-embedded (1.98.0-aarch64-linux-musl) sha256=9f4defd3cddf0bbf129f0b6ad8af966bdb90e36ab162f49a5b9f1baaf3339af1
  sass-embedded (1.98.0-arm-linux-gnueabihf) sha256=763277f4070caccd6fcbcf4c54249539effe78c36850617922834a8eb72177d7
  sass-embedded (1.98.0-arm-linux-musleabihf) sha256=7e21e46569f5cc47d5d04d77c73e4bdb08547304e2ed0ff6b9a83d608c0d9a2b
  sass-embedded (1.98.0-arm64-darwin) sha256=fed4ee6de2f30b14e7a678ca648730aa78acc86be7a555e16ba3fdbc5e6aca69
  sass-embedded (1.98.0-x86_64-darwin) sha256=a0b5b64f0157e2f1d713ac5ea75474c8507c464f0923090094471c33d4244484
  sass-embedded (1.98.0-x86_64-linux-gnu) sha256=36b72021e00cfdd91ccb9eb490cff6addc376424cf9c2786f01392c8d0f0d4a0
  sass-embedded (1.98.0-x86_64-linux-musl) sha256=8f66a2db9bb1efd95df340e4157be3803be8b22b5f2f5280d9387553fcb9584a
  securerandom (0.4.1) sha256=cc5193d414a4341b6e225f0cb4446aceca8e50d5e1888743fac16987638ea0b1
  selenium-webdriver (4.41.0) sha256=cdc1173cd55cf186022cea83156cc2d0bec06d337e039b02ad25d94e41bedd22
  shoulda-matchers (7.0.1) sha256=b4bfd8744c10e0a36c8ac1a687f921ee7e25ed529e50488d61b79a8688749c77
  snaky_hash (2.0.3) sha256=25a3d299566e8153fb02fa23fd9a9358845950f7a523ddbbe1fa1e0d79a6d456
  stimulus-rails (1.3.4) sha256=765676ffa1f33af64ce026d26b48e8ffb2e0b94e0f50e9119e11d6107d67cb06
  stringio (3.2.0) sha256=c37cb2e58b4ffbd33fe5cd948c05934af997b36e0b6ca6fdf43afa234cf222e1
  stripe (19.0.0) sha256=dc8cf11700638e6d0c0ca10063e7829ee90b26feb8e87811dcbbffc31645a656
  tailwindcss-rails (4.4.0) sha256=efa2961351a52acebe616e645a81a30bb4f27fde46cc06ce7688d1cd1131e916
  tailwindcss-ruby (4.2.1) sha256=95886a1e24b42d76792c787d34e47098b53cb3b5a6363845bca4486f52b2e66a
  tailwindcss-ruby (4.2.1-aarch64-linux-gnu) sha256=de457ddfc999c6bbbe1a59fbc11eb2168d619f6e0cb72d8d3334d372b331e36f
  tailwindcss-ruby (4.2.1-aarch64-linux-musl) sha256=e6ed27704263201f8366316354aa45f9016cc9378ce8fac46fbbe65fafd4da5e
  tailwindcss-ruby (4.2.1-arm64-darwin) sha256=bcf222fb8542cf5433925623e5e7b257897fbb8291a2350daae870a32f2eeb91
  tailwindcss-ruby (4.2.1-x86_64-darwin) sha256=b737b84f80941628d03c703b31abb204151b9d0a494d58ed06fd8220a5162f1b
  tailwindcss-ruby (4.2.1-x86_64-linux-gnu) sha256=201d0e5e5d4aba52cae4ee4bd1acd497d2790c83e7f15da964aab8ec93876831
  tailwindcss-ruby (4.2.1-x86_64-linux-musl) sha256=79fa48ad51e533545f9fdbb04227e1342a65a42c2bd1314118b95473d5612007
  thor (1.5.0) sha256=e3a9e55fe857e44859ce104a84675ab6e8cd59c650a49106a05f55f136425e73
  thruster (0.1.20) sha256=c05f2fbcae527bbe093a6e6d84fb12d9d680617e7c162325d9b97e8e9d4b5201
  thruster (0.1.20-aarch64-linux) sha256=754f1701061235235165dde31e7a3bc87ec88066a02981ff4241fcda0d76d397
  thruster (0.1.20-arm64-darwin) sha256=630cf8c273f562063b92ea5ccd7a721d7ba6130cc422c823727f4744f6d0770e
  thruster (0.1.20-x86_64-darwin) sha256=4cc245f3ea2ad238b518ae3934048eade6cc2543bdcfef91a7f95f8194306432
  thruster (0.1.20-x86_64-linux) sha256=d579f252bf67aee6ba6d957e48f566b72e019d7657ba2f267a5db1e4d91d2479
  timeout (0.6.1) sha256=78f57368a7e7bbadec56971f78a3f5ecbcfb59b7fcbb0a3ed6ddc08a5094accb
  tsort (0.2.0) sha256=9650a793f6859a43b6641671278f79cfead60ac714148aabe4e3f0060480089f
  turbo-rails (2.0.23) sha256=ee0d90733aafff056cf51ff11e803d65e43cae258cc55f6492020ec1f9f9315f
  tzinfo (2.0.6) sha256=8daf828cc77bcf7d63b0e3bdb6caa47e2272dcfaf4fbfe46f8c3a9df087a829b
  uniform_notifier (1.18.0) sha256=4787785556f66f6418486da0f1d78b3239aaff98e2e7938fb05e2062b0ffce9d
  uri (1.1.1) sha256=379fa58d27ffb1387eaada68c749d1426738bd0f654d812fcc07e7568f5c57c6
  useragent (0.16.11) sha256=700e6413ad4bb954bb63547fa098dddf7b0ebe75b40cc6f93b8d54255b173844
  vcr (6.4.0) sha256=077ac92cc16efc5904eb90492a18153b5e6ca5398046d8a249a7c96a9ea24ae6
  version_gem (1.1.9) sha256=0c1a0962ae543c84a00889bb018d9f14d8f8af6029d26b295d98774e3d2eb9a4
  warden (1.2.9) sha256=46684f885d35a69dbb883deabf85a222c8e427a957804719e143005df7a1efd0
  web-console (4.3.0) sha256=e13b71301cdfc2093f155b5aa3a622db80b4672d1f2f713119cc7ec7ac6a6da4
  webmock (3.26.2) sha256=774556f2ea6371846cca68c01769b2eac0d134492d21f6d0ab5dd643965a4c90
  websocket (1.2.11) sha256=b7e7a74e2410b5e85c25858b26b3322f29161e300935f70a0e0d3c35e0462737
  websocket-driver (0.8.0) sha256=ed0dba4b943c22f17f9a734817e808bc84cdce6a7e22045f5315aa57676d4962
  websocket-extensions (0.1.5) sha256=1c6ba63092cda343eb53fc657110c71c754c56484aad42578495227d717a8241
  xpath (3.2.0) sha256=6dfda79d91bb3b949b947ecc5919f042ef2f399b904013eb3ef6d20dd3a4082e
  yaml (0.4.0) sha256=240e69d1e6ce3584d6085978719a0faa6218ae426e034d8f9b02fb54d3471942
  zeitwerk (2.7.5) sha256=d8da92128c09ea6ec62c949011b00ed4a20242b255293dd66bf41545398f73dd

BUNDLED WITH
  4.0.6
